
Microsoft Visual Studio Solution File, Format Version 12.00
# Visual Studio Version 16
VisualStudioVersion = 16.0.30717.126
MinimumVisualStudioVersion = 10.0.40219.1
Project("{FAE04EC0-301F-11D3-BF4B-00C04F79EFBC}") = "LAB-2", "LAB-2.csproj", "{C5263F4E-128E-4A9C-AC73-9125E10ED908}"
EndProject
Global
	GlobalSection(SolutionConfigurationPlatforms) = preSolution
		Debug|Any CPU = Debug|Any CPU
		Release|Any CPU = Release|Any CPU
	EndGlobalSection
	GlobalSection(ProjectConfigurationPlatforms) = postSolution
		{C5263F4E-128E-4A9C-AC73-9125E10ED908}.Debug|Any CPU.ActiveCfg = Debug|Any CPU
		{C5263F4E-128E-4A9C-AC73-9125E10ED908}.Debug|Any CPU.Build.0 = Debug|Any CPU
		{C5263F4E-128E-4A9C-AC73-9125E10ED908}.Release|Any CPU.ActiveCfg = Release|Any CPU
		{C5263F4E-128E-4A9C-AC73-9125E10ED908}.Release|Any CPU.Build.0 = Release|Any CPU
	EndGlobalSection
	GlobalSection(SolutionProperties) = preSolution
		HideSolutionNode = FALSE
	EndGlobalSection
	GlobalSection(ExtensibilityGlobals) = postSolution
		SolutionGuid = {6FBB9A84-110A-46B4-BAC9-D4125D68D7D9}
	EndGlobalSection
EndGlobal
